// !$*UTF8*$!
{
	archiveVersion = 1;
	classes = {
	};
	objectVersion = 51;
	objects = {

/* Begin PBXBuildFile section */
		35EC5E128A0C4FE8E0339E17 /* Pods_Nodes_MoviesTests.framework in Frameworks */ = {isa = PBXBuildFile; fileRef = D1302B27B919CFF7F5B6BC79 /* Pods_Nodes_MoviesTests.framework */; };
		B60883175A723CB20128FF15 /* Pods_Nodes_Movies.framework in Frameworks */ = {isa = PBXBuildFile; fileRef = 916A836086117218DB323DF4 /* Pods_Nodes_Movies.framework */; };
		F433BCF723DE0517003B1DD3 /* Nodes_MoviesTests.swift in Sources */ = {isa = PBXBuildFile; fileRef = F433BCF623DE0517003B1DD3 /* Nodes_MoviesTests.swift */; };
		F433BD0223DE0517003B1DD3 /* Nodes_MoviesUITests.swift in Sources */ = {isa = PBXBuildFile; fileRef = F433BD0123DE0517003B1DD3 /* Nodes_MoviesUITests.swift */; };
		F433BD1923DE06D7003B1DD3 /* Assets.xcassets in Resources */ = {isa = PBXBuildFile; fileRef = F433BD1023DE06D7003B1DD3 /* Assets.xcassets */; };
		F433BD1A23DE06D7003B1DD3 /* LaunchScreen.storyboard in Resources */ = {isa = PBXBuildFile; fileRef = F433BD1123DE06D7003B1DD3 /* LaunchScreen.storyboard */; };
		F433BD1C23DE06D7003B1DD3 /* AppDelegate.swift in Sources */ = {isa = PBXBuildFile; fileRef = F433BD1723DE06D7003B1DD3 /* AppDelegate.swift */; };
		F433BD1D23DE06D7003B1DD3 /* SceneDelegate.swift in Sources */ = {isa = PBXBuildFile; fileRef = F433BD1823DE06D7003B1DD3 /* SceneDelegate.swift */; };
		F433BD2123DE0A35003B1DD3 /* Error.swift in Sources */ = {isa = PBXBuildFile; fileRef = F433BD2023DE0A35003B1DD3 /* Error.swift */; };
		F433BD2C23DE0A69003B1DD3 /* Model.swift in Sources */ = {isa = PBXBuildFile; fileRef = F433BD2223DE0A69003B1DD3 /* Model.swift */; };
		F433BD2F23DE0A69003B1DD3 /* ModelService.swift in Sources */ = {isa = PBXBuildFile; fileRef = F433BD2723DE0A69003B1DD3 /* ModelService.swift */; };
		F433BD3023DE0A69003B1DD3 /* ModelServiceCommon.swift in Sources */ = {isa = PBXBuildFile; fileRef = F433BD2823DE0A69003B1DD3 /* ModelServiceCommon.swift */; };
		F433BD3523DE0F2D003B1DD3 /* ModelServiceMovie.swift in Sources */ = {isa = PBXBuildFile; fileRef = F433BD3423DE0F2D003B1DD3 /* ModelServiceMovie.swift */; };
		F433BD3723DE0F97003B1DD3 /* ModelServiceMovieResult.swift in Sources */ = {isa = PBXBuildFile; fileRef = F433BD3623DE0F97003B1DD3 /* ModelServiceMovieResult.swift */; };
		F433BD3923DE12EC003B1DD3 /* ModelServiceMovieDetail.swift in Sources */ = {isa = PBXBuildFile; fileRef = F433BD3823DE12EC003B1DD3 /* ModelServiceMovieDetail.swift */; };
		F433BD3C23DE166E003B1DD3 /* ModelServiceSearch.swift in Sources */ = {isa = PBXBuildFile; fileRef = F433BD3B23DE166E003B1DD3 /* ModelServiceSearch.swift */; };
		F433BD4023DE1EBA003B1DD3 /* ModelSearchTest.swift in Sources */ = {isa = PBXBuildFile; fileRef = F433BD3F23DE1EBA003B1DD3 /* ModelSearchTest.swift */; };
		F433BD4423DE1F15003B1DD3 /* search-1.json in Resources */ = {isa = PBXBuildFile; fileRef = F433BD4323DE1F15003B1DD3 /* search-1.json */; };
		F433BD4623DE259F003B1DD3 /* search-2.json in Resources */ = {isa = PBXBuildFile; fileRef = F433BD4523DE259F003B1DD3 /* search-2.json */; };
		F433BD4923DE2D75003B1DD3 /* NetworkEngine.swift in Sources */ = {isa = PBXBuildFile; fileRef = F433BD4823DE2D75003B1DD3 /* NetworkEngine.swift */; };
		F433BD4B23DE2E66003B1DD3 /* DataLoader.swift in Sources */ = {isa = PBXBuildFile; fileRef = F433BD4A23DE2E66003B1DD3 /* DataLoader.swift */; };
		F433BD4F23DE2F1B003B1DD3 /* SearchDataLoader.swift in Sources */ = {isa = PBXBuildFile; fileRef = F433BD4E23DE2F1B003B1DD3 /* SearchDataLoader.swift */; };
		F433BD5123DE30B4003B1DD3 /* DetailDataLoader.swift in Sources */ = {isa = PBXBuildFile; fileRef = F433BD5023DE30B4003B1DD3 /* DetailDataLoader.swift */; };
		F433BD5423DE316A003B1DD3 /* NetworkEngineMock.swift in Sources */ = {isa = PBXBuildFile; fileRef = F433BD5323DE316A003B1DD3 /* NetworkEngineMock.swift */; };
		F433BD5623DE3198003B1DD3 /* DataLoaderMock.swift in Sources */ = {isa = PBXBuildFile; fileRef = F433BD5523DE3198003B1DD3 /* DataLoaderMock.swift */; };
		F433BD5923DE31EC003B1DD3 /* DataLoaderTest.swift in Sources */ = {isa = PBXBuildFile; fileRef = F433BD5823DE31EC003B1DD3 /* DataLoaderTest.swift */; };
/* End PBXBuildFile section */

/* Begin PBXContainerItemProxy section */
		F433BCF323DE0517003B1DD3 /* PBXContainerItemProxy */ = {
			isa = PBXContainerItemProxy;
			containerPortal = F433BCD423DE0516003B1DD3 /* Project object */;
			proxyType = 1;
			remoteGlobalIDString = F433BCDB23DE0516003B1DD3;
			remoteInfo = "Nodes Movies";
		};
		F433BCFE23DE0517003B1DD3 /* PBXContainerItemProxy */ = {
			isa = PBXContainerItemProxy;
			containerPortal = F433BCD423DE0516003B1DD3 /* Project object */;
			proxyType = 1;
			remoteGlobalIDString = F433BCDB23DE0516003B1DD3;
			remoteInfo = "Nodes Movies";
		};
/* End PBXContainerItemProxy section */

/* Begin PBXFileReference section */
		09D9E51131AD0A39E0537F3B /* Pods-Nodes MoviesTests.release.xcconfig */ = {isa = PBXFileReference; includeInIndex = 1; lastKnownFileType = text.xcconfig; name = "Pods-Nodes MoviesTests.release.xcconfig"; path = "Target Support Files/Pods-Nodes MoviesTests/Pods-Nodes MoviesTests.release.xcconfig"; sourceTree = "<group>"; };
		37AC39DD0AA053B351185E15 /* Pods-Nodes MoviesTests.debug.xcconfig */ = {isa = PBXFileReference; includeInIndex = 1; lastKnownFileType = text.xcconfig; name = "Pods-Nodes MoviesTests.debug.xcconfig"; path = "Target Support Files/Pods-Nodes MoviesTests/Pods-Nodes MoviesTests.debug.xcconfig"; sourceTree = "<group>"; };
		54B765400FC989B67A4732F0 /* Pods-Nodes Movies.release.xcconfig */ = {isa = PBXFileReference; includeInIndex = 1; lastKnownFileType = text.xcconfig; name = "Pods-Nodes Movies.release.xcconfig"; path = "Target Support Files/Pods-Nodes Movies/Pods-Nodes Movies.release.xcconfig"; sourceTree = "<group>"; };
		916A836086117218DB323DF4 /* Pods_Nodes_Movies.framework */ = {isa = PBXFileReference; explicitFileType = wrapper.framework; includeInIndex = 0; path = Pods_Nodes_Movies.framework; sourceTree = BUILT_PRODUCTS_DIR; };
		B0A150E612C89CF21C1C03D0 /* Pods-Nodes Movies.debug.xcconfig */ = {isa = PBXFileReference; includeInIndex = 1; lastKnownFileType = text.xcconfig; name = "Pods-Nodes Movies.debug.xcconfig"; path = "Target Support Files/Pods-Nodes Movies/Pods-Nodes Movies.debug.xcconfig"; sourceTree = "<group>"; };
		D1302B27B919CFF7F5B6BC79 /* Pods_Nodes_MoviesTests.framework */ = {isa = PBXFileReference; explicitFileType = wrapper.framework; includeInIndex = 0; path = Pods_Nodes_MoviesTests.framework; sourceTree = BUILT_PRODUCTS_DIR; };
		F433BCDC23DE0516003B1DD3 /* Nodes Movies.app */ = {isa = PBXFileReference; explicitFileType = wrapper.application; includeInIndex = 0; path = "Nodes Movies.app"; sourceTree = BUILT_PRODUCTS_DIR; };
		F433BCF223DE0517003B1DD3 /* Nodes MoviesTests.xctest */ = {isa = PBXFileReference; explicitFileType = wrapper.cfbundle; includeInIndex = 0; path = "Nodes MoviesTests.xctest"; sourceTree = BUILT_PRODUCTS_DIR; };
		F433BCF623DE0517003B1DD3 /* Nodes_MoviesTests.swift */ = {isa = PBXFileReference; lastKnownFileType = sourcecode.swift; path = Nodes_MoviesTests.swift; sourceTree = "<group>"; };
		F433BCF823DE0517003B1DD3 /* Info.plist */ = {isa = PBXFileReference; lastKnownFileType = text.plist.xml; path = Info.plist; sourceTree = "<group>"; };
		F433BCFD23DE0517003B1DD3 /* Nodes MoviesUITests.xctest */ = {isa = PBXFileReference; explicitFileType = wrapper.cfbundle; includeInIndex = 0; path = "Nodes MoviesUITests.xctest"; sourceTree = BUILT_PRODUCTS_DIR; };
		F433BD0123DE0517003B1DD3 /* Nodes_MoviesUITests.swift */ = {isa = PBXFileReference; lastKnownFileType = sourcecode.swift; path = Nodes_MoviesUITests.swift; sourceTree = "<group>"; };
		F433BD0323DE0517003B1DD3 /* Info.plist */ = {isa = PBXFileReference; lastKnownFileType = text.plist.xml; path = Info.plist; sourceTree = "<group>"; };
		F433BD1023DE06D7003B1DD3 /* Assets.xcassets */ = {isa = PBXFileReference; lastKnownFileType = folder.assetcatalog; path = Assets.xcassets; sourceTree = "<group>"; };
		F433BD1223DE06D7003B1DD3 /* Base */ = {isa = PBXFileReference; lastKnownFileType = file.storyboard; name = Base; path = Base.lproj/LaunchScreen.storyboard; sourceTree = "<group>"; };
		F433BD1423DE06D7003B1DD3 /* Info.plist */ = {isa = PBXFileReference; fileEncoding = 4; lastKnownFileType = text.plist.xml; path = Info.plist; sourceTree = "<group>"; };
		F433BD1723DE06D7003B1DD3 /* AppDelegate.swift */ = {isa = PBXFileReference; fileEncoding = 4; lastKnownFileType = sourcecode.swift; path = AppDelegate.swift; sourceTree = "<group>"; };
		F433BD1823DE06D7003B1DD3 /* SceneDelegate.swift */ = {isa = PBXFileReference; fileEncoding = 4; lastKnownFileType = sourcecode.swift; path = SceneDelegate.swift; sourceTree = "<group>"; };
		F433BD2023DE0A35003B1DD3 /* Error.swift */ = {isa = PBXFileReference; fileEncoding = 4; lastKnownFileType = sourcecode.swift; path = Error.swift; sourceTree = "<group>"; };
		F433BD2223DE0A69003B1DD3 /* Model.swift */ = {isa = PBXFileReference; fileEncoding = 4; lastKnownFileType = sourcecode.swift; path = Model.swift; sourceTree = "<group>"; };
		F433BD2723DE0A69003B1DD3 /* ModelService.swift */ = {isa = PBXFileReference; fileEncoding = 4; lastKnownFileType = sourcecode.swift; path = ModelService.swift; sourceTree = "<group>"; };
		F433BD2823DE0A69003B1DD3 /* ModelServiceCommon.swift */ = {isa = PBXFileReference; fileEncoding = 4; lastKnownFileType = sourcecode.swift; path = ModelServiceCommon.swift; sourceTree = "<group>"; };
		F433BD3423DE0F2D003B1DD3 /* ModelServiceMovie.swift */ = {isa = PBXFileReference; lastKnownFileType = sourcecode.swift; path = ModelServiceMovie.swift; sourceTree = "<group>"; };
		F433BD3623DE0F97003B1DD3 /* ModelServiceMovieResult.swift */ = {isa = PBXFileReference; lastKnownFileType = sourcecode.swift; path = ModelServiceMovieResult.swift; sourceTree = "<group>"; };
		F433BD3823DE12EC003B1DD3 /* ModelServiceMovieDetail.swift */ = {isa = PBXFileReference; lastKnownFileType = sourcecode.swift; path = ModelServiceMovieDetail.swift; sourceTree = "<group>"; };
		F433BD3B23DE166E003B1DD3 /* ModelServiceSearch.swift */ = {isa = PBXFileReference; lastKnownFileType = sourcecode.swift; path = ModelServiceSearch.swift; sourceTree = "<group>"; };
		F433BD3F23DE1EBA003B1DD3 /* ModelSearchTest.swift */ = {isa = PBXFileReference; lastKnownFileType = sourcecode.swift; path = ModelSearchTest.swift; sourceTree = "<group>"; };
		F433BD4323DE1F15003B1DD3 /* search-1.json */ = {isa = PBXFileReference; fileEncoding = 4; lastKnownFileType = text.json; path = "search-1.json"; sourceTree = "<group>"; };
		F433BD4523DE259F003B1DD3 /* search-2.json */ = {isa = PBXFileReference; fileEncoding = 4; lastKnownFileType = text.json; path = "search-2.json"; sourceTree = "<group>"; };
		F433BD4823DE2D75003B1DD3 /* NetworkEngine.swift */ = {isa = PBXFileReference; lastKnownFileType = sourcecode.swift; path = NetworkEngine.swift; sourceTree = "<group>"; };
		F433BD4A23DE2E66003B1DD3 /* DataLoader.swift */ = {isa = PBXFileReference; lastKnownFileType = sourcecode.swift; path = DataLoader.swift; sourceTree = "<group>"; };
		F433BD4E23DE2F1B003B1DD3 /* SearchDataLoader.swift */ = {isa = PBXFileReference; lastKnownFileType = sourcecode.swift; path = SearchDataLoader.swift; sourceTree = "<group>"; };
		F433BD5023DE30B4003B1DD3 /* DetailDataLoader.swift */ = {isa = PBXFileReference; lastKnownFileType = sourcecode.swift; path = DetailDataLoader.swift; sourceTree = "<group>"; };
		F433BD5323DE316A003B1DD3 /* NetworkEngineMock.swift */ = {isa = PBXFileReference; lastKnownFileType = sourcecode.swift; path = NetworkEngineMock.swift; sourceTree = "<group>"; };
		F433BD5523DE3198003B1DD3 /* DataLoaderMock.swift */ = {isa = PBXFileReference; lastKnownFileType = sourcecode.swift; path = DataLoaderMock.swift; sourceTree = "<group>"; };
		F433BD5823DE31EC003B1DD3 /* DataLoaderTest.swift */ = {isa = PBXFileReference; lastKnownFileType = sourcecode.swift; path = DataLoaderTest.swift; sourceTree = "<group>"; };
/* End PBXFileReference section */

/* Begin PBXFrameworksBuildPhase section */
		F433BCD923DE0516003B1DD3 /* Frameworks */ = {
			isa = PBXFrameworksBuildPhase;
			buildActionMask = 2147483647;
			files = (
				B60883175A723CB20128FF15 /* Pods_Nodes_Movies.framework in Frameworks */,
			);
			runOnlyForDeploymentPostprocessing = 0;
		};
		F433BCEF23DE0517003B1DD3 /* Frameworks */ = {
			isa = PBXFrameworksBuildPhase;
			buildActionMask = 2147483647;
			files = (
				35EC5E128A0C4FE8E0339E17 /* Pods_Nodes_MoviesTests.framework in Frameworks */,
			);
			runOnlyForDeploymentPostprocessing = 0;
		};
		F433BCFA23DE0517003B1DD3 /* Frameworks */ = {
			isa = PBXFrameworksBuildPhase;
			buildActionMask = 2147483647;
			files = (
			);
			runOnlyForDeploymentPostprocessing = 0;
		};
/* End PBXFrameworksBuildPhase section */

/* Begin PBXGroup section */
		424DF07019DE6F96F3994570 /* Frameworks */ = {
			isa = PBXGroup;
			children = (
				916A836086117218DB323DF4 /* Pods_Nodes_Movies.framework */,
				D1302B27B919CFF7F5B6BC79 /* Pods_Nodes_MoviesTests.framework */,
			);
			name = Frameworks;
			sourceTree = "<group>";
		};
		84313A106A407C2102129A5D /* Pods */ = {
			isa = PBXGroup;
			children = (
				B0A150E612C89CF21C1C03D0 /* Pods-Nodes Movies.debug.xcconfig */,
				54B765400FC989B67A4732F0 /* Pods-Nodes Movies.release.xcconfig */,
				37AC39DD0AA053B351185E15 /* Pods-Nodes MoviesTests.debug.xcconfig */,
				09D9E51131AD0A39E0537F3B /* Pods-Nodes MoviesTests.release.xcconfig */,
			);
			path = Pods;
			sourceTree = "<group>";
		};
		F433BCD323DE0516003B1DD3 = {
			isa = PBXGroup;
			children = (
				F433BCDE23DE0516003B1DD3 /* Nodes Movies */,
				F433BCF523DE0517003B1DD3 /* Nodes MoviesTests */,
				F433BD0023DE0517003B1DD3 /* Nodes MoviesUITests */,
				F433BCDD23DE0516003B1DD3 /* Products */,
				84313A106A407C2102129A5D /* Pods */,
				424DF07019DE6F96F3994570 /* Frameworks */,
			);
			sourceTree = "<group>";
		};
		F433BCDD23DE0516003B1DD3 /* Products */ = {
			isa = PBXGroup;
			children = (
				F433BCDC23DE0516003B1DD3 /* Nodes Movies.app */,
				F433BCF223DE0517003B1DD3 /* Nodes MoviesTests.xctest */,
				F433BCFD23DE0517003B1DD3 /* Nodes MoviesUITests.xctest */,
			);
			name = Products;
			sourceTree = "<group>";
		};
		F433BCDE23DE0516003B1DD3 /* Nodes Movies */ = {
			isa = PBXGroup;
			children = (
				F433BD1523DE06D7003B1DD3 /* Application */,
				F433BD1E23DE0A35003B1DD3 /* Model */,
				F433BD4723DE2D52003B1DD3 /* Services */,
				F433BD0F23DE06D7003B1DD3 /* Resources */,
				F433BD1323DE06D7003B1DD3 /* Supporting files */,
			);
			path = "Nodes Movies";
			sourceTree = "<group>";
		};
		F433BCF523DE0517003B1DD3 /* Nodes MoviesTests */ = {
			isa = PBXGroup;
			children = (
				F433BD5223DE3157003B1DD3 /* Mock */,
				F433BD3E23DE1EA1003B1DD3 /* Model */,
				F433BD5723DE31D7003B1DD3 /* Data */,
				F433BD4123DE1F15003B1DD3 /* Resources */,
				F433BCF623DE0517003B1DD3 /* Nodes_MoviesTests.swift */,
				F433BCF823DE0517003B1DD3 /* Info.plist */,
			);
			path = "Nodes MoviesTests";
			sourceTree = "<group>";
		};
		F433BD0023DE0517003B1DD3 /* Nodes MoviesUITests */ = {
			isa = PBXGroup;
			children = (
				F433BD0123DE0517003B1DD3 /* Nodes_MoviesUITests.swift */,
				F433BD0323DE0517003B1DD3 /* Info.plist */,
			);
			path = "Nodes MoviesUITests";
			sourceTree = "<group>";
		};
		F433BD0F23DE06D7003B1DD3 /* Resources */ = {
			isa = PBXGroup;
			children = (
				F433BD1023DE06D7003B1DD3 /* Assets.xcassets */,
				F433BD1123DE06D7003B1DD3 /* LaunchScreen.storyboard */,
			);
			path = Resources;
			sourceTree = "<group>";
		};
		F433BD1323DE06D7003B1DD3 /* Supporting files */ = {
			isa = PBXGroup;
			children = (
				F433BD1423DE06D7003B1DD3 /* Info.plist */,
			);
			path = "Supporting files";
			sourceTree = "<group>";
		};
		F433BD1523DE06D7003B1DD3 /* Application */ = {
			isa = PBXGroup;
			children = (
				F433BD1623DE06D7003B1DD3 /* Main */,
				F433BD4C23DE2EB2003B1DD3 /* Search */,
				F433BD4D23DE2F03003B1DD3 /* Detail */,
			);
			path = Application;
			sourceTree = "<group>";
		};
		F433BD1623DE06D7003B1DD3 /* Main */ = {
			isa = PBXGroup;
			children = (
				F433BD1723DE06D7003B1DD3 /* AppDelegate.swift */,
				F433BD1823DE06D7003B1DD3 /* SceneDelegate.swift */,
			);
			path = Main;
			sourceTree = "<group>";
		};
		F433BD1E23DE0A35003B1DD3 /* Model */ = {
			isa = PBXGroup;
			children = (
				F433BD2223DE0A69003B1DD3 /* Model.swift */,
				F433BD2323DE0A69003B1DD3 /* Service */,
				F433BD1F23DE0A35003B1DD3 /* Error */,
			);
			path = Model;
			sourceTree = "<group>";
		};
		F433BD1F23DE0A35003B1DD3 /* Error */ = {
			isa = PBXGroup;
			children = (
				F433BD2023DE0A35003B1DD3 /* Error.swift */,
			);
			path = Error;
			sourceTree = "<group>";
		};
		F433BD2323DE0A69003B1DD3 /* Service */ = {
			isa = PBXGroup;
			children = (
				F433BD2723DE0A69003B1DD3 /* ModelService.swift */,
				F433BD2823DE0A69003B1DD3 /* ModelServiceCommon.swift */,
				F433BD3323DE0F0C003B1DD3 /* Movie */,
				F433BD3A23DE1652003B1DD3 /* Search */,
			);
			path = Service;
			sourceTree = "<group>";
		};
		F433BD3323DE0F0C003B1DD3 /* Movie */ = {
			isa = PBXGroup;
			children = (
				F433BD3423DE0F2D003B1DD3 /* ModelServiceMovie.swift */,
				F433BD3623DE0F97003B1DD3 /* ModelServiceMovieResult.swift */,
				F433BD3823DE12EC003B1DD3 /* ModelServiceMovieDetail.swift */,
			);
			path = Movie;
			sourceTree = "<group>";
		};
		F433BD3A23DE1652003B1DD3 /* Search */ = {
			isa = PBXGroup;
			children = (
				F433BD3B23DE166E003B1DD3 /* ModelServiceSearch.swift */,
			);
			path = Search;
			sourceTree = "<group>";
		};
		F433BD3E23DE1EA1003B1DD3 /* Model */ = {
			isa = PBXGroup;
			children = (
				F433BD3F23DE1EBA003B1DD3 /* ModelSearchTest.swift */,
			);
			path = Model;
			sourceTree = "<group>";
		};
		F433BD4123DE1F15003B1DD3 /* Resources */ = {
			isa = PBXGroup;
			children = (
				F433BD4223DE1F15003B1DD3 /* Model */,
			);
			path = Resources;
			sourceTree = "<group>";
		};
		F433BD4223DE1F15003B1DD3 /* Model */ = {
			isa = PBXGroup;
			children = (
				F433BD4323DE1F15003B1DD3 /* search-1.json */,
				F433BD4523DE259F003B1DD3 /* search-2.json */,
			);
			path = Model;
			sourceTree = "<group>";
		};
		F433BD4723DE2D52003B1DD3 /* Services */ = {
			isa = PBXGroup;
			children = (
				F433BD4823DE2D75003B1DD3 /* NetworkEngine.swift */,
				F433BD4A23DE2E66003B1DD3 /* DataLoader.swift */,
			);
			path = Services;
			sourceTree = "<group>";
		};
		F433BD4C23DE2EB2003B1DD3 /* Search */ = {
			isa = PBXGroup;
			children = (
				F433BD4E23DE2F1B003B1DD3 /* SearchDataLoader.swift */,
			);
			path = Search;
			sourceTree = "<group>";
		};
		F433BD4D23DE2F03003B1DD3 /* Detail */ = {
			isa = PBXGroup;
			children = (
				F433BD5023DE30B4003B1DD3 /* DetailDataLoader.swift */,
			);
			path = Detail;
			sourceTree = "<group>";
		};
		F433BD5223DE3157003B1DD3 /* Mock */ = {
			isa = PBXGroup;
			children = (
				F433BD5323DE316A003B1DD3 /* NetworkEngineMock.swift */,
				F433BD5523DE3198003B1DD3 /* DataLoaderMock.swift */,
			);
			path = Mock;
			sourceTree = "<group>";
		};
		F433BD5723DE31D7003B1DD3 /* Data */ = {
			isa = PBXGroup;
			children = (
				F433BD5823DE31EC003B1DD3 /* DataLoaderTest.swift */,
			);
			path = Data;
			sourceTree = "<group>";
		};
/* End PBXGroup section */

/* Begin PBXNativeTarget section */
		F433BCDB23DE0516003B1DD3 /* Nodes Movies */ = {
			isa = PBXNativeTarget;
			buildConfigurationList = F433BD0623DE0517003B1DD3 /* Build configuration list for PBXNativeTarget "Nodes Movies" */;
			buildPhases = (
				052A58B7F2669A838B36856E /* [CP] Check Pods Manifest.lock */,
				F433BCD823DE0516003B1DD3 /* Sources */,
				F433BCD923DE0516003B1DD3 /* Frameworks */,
				F433BCDA23DE0516003B1DD3 /* Resources */,
				C0E44062A25204534A4540A0 /* [CP] Embed Pods Frameworks */,
			);
			buildRules = (
			);
			dependencies = (
			);
			name = "Nodes Movies";
			productName = "Nodes Movies";
			productReference = F433BCDC23DE0516003B1DD3 /* Nodes Movies.app */;
			productType = "com.apple.product-type.application";
		};
		F433BCF123DE0517003B1DD3 /* Nodes MoviesTests */ = {
			isa = PBXNativeTarget;
			buildConfigurationList = F433BD0923DE0517003B1DD3 /* Build configuration list for PBXNativeTarget "Nodes MoviesTests" */;
			buildPhases = (
				07293CB3C9ECD91FEDBC0321 /* [CP] Check Pods Manifest.lock */,
				F433BCEE23DE0517003B1DD3 /* Sources */,
				F433BCEF23DE0517003B1DD3 /* Frameworks */,
				F433BCF023DE0517003B1DD3 /* Resources */,
				F607A34B73502E69A5415542 /* [CP] Embed Pods Frameworks */,
			);
			buildRules = (
			);
			dependencies = (
				F433BCF423DE0517003B1DD3 /* PBXTargetDependency */,
			);
			name = "Nodes MoviesTests";
			productName = "Nodes MoviesTests";
			productReference = F433BCF223DE0517003B1DD3 /* Nodes MoviesTests.xctest */;
			productType = "com.apple.product-type.bundle.unit-test";
		};
		F433BCFC23DE0517003B1DD3 /* Nodes MoviesUITests */ = {
			isa = PBXNativeTarget;
			buildConfigurationList = F433BD0C23DE0517003B1DD3 /* Build configuration list for PBXNativeTarget "Nodes MoviesUITests" */;
			buildPhases = (
				F433BCF923DE0517003B1DD3 /* Sources */,
				F433BCFA23DE0517003B1DD3 /* Frameworks */,
				F433BCFB23DE0517003B1DD3 /* Resources */,
			);
			buildRules = (
			);
			dependencies = (
				F433BCFF23DE0517003B1DD3 /* PBXTargetDependency */,
			);
			name = "Nodes MoviesUITests";
			productName = "Nodes MoviesUITests";
			productReference = F433BCFD23DE0517003B1DD3 /* Nodes MoviesUITests.xctest */;
			productType = "com.apple.product-type.bundle.ui-testing";
		};
/* End PBXNativeTarget section */

/* Begin PBXProject section */
		F433BCD423DE0516003B1DD3 /* Project object */ = {
			isa = PBXProject;
			attributes = {
				LastSwiftUpdateCheck = 1130;
				LastUpgradeCheck = 1130;
				ORGANIZATIONNAME = "Milan Horvatovic";
				TargetAttributes = {
					F433BCDB23DE0516003B1DD3 = {
						CreatedOnToolsVersion = 11.3.1;
					};
					F433BCF123DE0517003B1DD3 = {
						CreatedOnToolsVersion = 11.3.1;
						TestTargetID = F433BCDB23DE0516003B1DD3;
					};
					F433BCFC23DE0517003B1DD3 = {
						CreatedOnToolsVersion = 11.3.1;
						TestTargetID = F433BCDB23DE0516003B1DD3;
					};
				};
			};
			buildConfigurationList = F433BCD723DE0516003B1DD3 /* Build configuration list for PBXProject "Nodes Movies" */;
			compatibilityVersion = "Xcode 9.3";
			developmentRegion = en;
			hasScannedForEncodings = 0;
			knownRegions = (
				en,
				Base,
			);
			mainGroup = F433BCD323DE0516003B1DD3;
			productRefGroup = F433BCDD23DE0516003B1DD3 /* Products */;
			projectDirPath = "";
			projectRoot = "";
			targets = (
				F433BCDB23DE0516003B1DD3 /* Nodes Movies */,
				F433BCF123DE0517003B1DD3 /* Nodes MoviesTests */,
				F433BCFC23DE0517003B1DD3 /* Nodes MoviesUITests */,
			);
		};
/* End PBXProject section */

/* Begin PBXResourcesBuildPhase section */
		F433BCDA23DE0516003B1DD3 /* Resources */ = {
			isa = PBXResourcesBuildPhase;
			buildActionMask = 2147483647;
			files = (
				F433BD1923DE06D7003B1DD3 /* Assets.xcassets in Resources */,
				F433BD1A23DE06D7003B1DD3 /* LaunchScreen.storyboard in Resources */,
			);
			runOnlyForDeploymentPostprocessing = 0;
		};
		F433BCF023DE0517003B1DD3 /* Resources */ = {
			isa = PBXResourcesBuildPhase;
			buildActionMask = 2147483647;
			files = (
				F433BD4623DE259F003B1DD3 /* search-2.json in Resources */,
				F433BD4423DE1F15003B1DD3 /* search-1.json in Resources */,
			);
			runOnlyForDeploymentPostprocessing = 0;
		};
		F433BCFB23DE0517003B1DD3 /* Resources */ = {
			isa = PBXResourcesBuildPhase;
			buildActionMask = 2147483647;
			files = (
			);
			runOnlyForDeploymentPostprocessing = 0;
		};
/* End PBXResourcesBuildPhase section */

/* Begin PBXShellScriptBuildPhase section */
		052A58B7F2669A838B36856E /* [CP] Check Pods Manifest.lock */ = {
			isa = PBXShellScriptBuildPhase;
			buildActionMask = 2147483647;
			files = (
			);
			inputFileListPaths = (
			);
			inputPaths = (
				"${PODS_PODFILE_DIR_PATH}/Podfile.lock",
				"${PODS_ROOT}/Manifest.lock",
			);
			name = "[CP] Check Pods Manifest.lock";
			outputFileListPaths = (
			);
			outputPaths = (
				"$(DERIVED_FILE_DIR)/Pods-Nodes Movies-checkManifestLockResult.txt",
			);
			runOnlyForDeploymentPostprocessing = 0;
			shellPath = /bin/sh;
			shellScript = "diff \"${PODS_PODFILE_DIR_PATH}/Podfile.lock\" \"${PODS_ROOT}/Manifest.lock\" > /dev/null\nif [ $? != 0 ] ; then\n    # print error to STDERR\n    echo \"error: The sandbox is not in sync with the Podfile.lock. Run 'pod install' or update your CocoaPods installation.\" >&2\n    exit 1\nfi\n# This output is used by Xcode 'outputs' to avoid re-running this script phase.\necho \"SUCCESS\" > \"${SCRIPT_OUTPUT_FILE_0}\"\n";
			showEnvVarsInLog = 0;
		};
		07293CB3C9ECD91FEDBC0321 /* [CP] Check Pods Manifest.lock */ = {
			isa = PBXShellScriptBuildPhase;
			buildActionMask = 2147483647;
			files = (
			);
			inputFileListPaths = (
			);
			inputPaths = (
				"${PODS_PODFILE_DIR_PATH}/Podfile.lock",
				"${PODS_ROOT}/Manifest.lock",
			);
			name = "[CP] Check Pods Manifest.lock";
			outputFileListPaths = (
			);
			outputPaths = (
				"$(DERIVED_FILE_DIR)/Pods-Nodes MoviesTests-checkManifestLockResult.txt",
			);
			runOnlyForDeploymentPostprocessing = 0;
			shellPath = /bin/sh;
			shellScript = "diff \"${PODS_PODFILE_DIR_PATH}/Podfile.lock\" \"${PODS_ROOT}/Manifest.lock\" > /dev/null\nif [ $? != 0 ] ; then\n    # print error to STDERR\n    echo \"error: The sandbox is not in sync with the Podfile.lock. Run 'pod install' or update your CocoaPods installation.\" >&2\n    exit 1\nfi\n# This output is used by Xcode 'outputs' to avoid re-running this script phase.\necho \"SUCCESS\" > \"${SCRIPT_OUTPUT_FILE_0}\"\n";
			showEnvVarsInLog = 0;
		};
		C0E44062A25204534A4540A0 /* [CP] Embed Pods Frameworks */ = {
			isa = PBXShellScriptBuildPhase;
			buildActionMask = 2147483647;
			files = (
			);
			inputFileListPaths = (
				"${PODS_ROOT}/Target Support Files/Pods-Nodes Movies/Pods-Nodes Movies-frameworks-${CONFIGURATION}-input-files.xcfilelist",
			);
			name = "[CP] Embed Pods Frameworks";
			outputFileListPaths = (
				"${PODS_ROOT}/Target Support Files/Pods-Nodes Movies/Pods-Nodes Movies-frameworks-${CONFIGURATION}-output-files.xcfilelist",
			);
			runOnlyForDeploymentPostprocessing = 0;
			shellPath = /bin/sh;
			shellScript = "\"${PODS_ROOT}/Target Support Files/Pods-Nodes Movies/Pods-Nodes Movies-frameworks.sh\"\n";
			showEnvVarsInLog = 0;
		};
		F607A34B73502E69A5415542 /* [CP] Embed Pods Frameworks */ = {
			isa = PBXShellScriptBuildPhase;
			buildActionMask = 2147483647;
			files = (
			);
			inputFileListPaths = (
				"${PODS_ROOT}/Target Support Files/Pods-Nodes MoviesTests/Pods-Nodes MoviesTests-frameworks-${CONFIGURATION}-input-files.xcfilelist",
			);
			name = "[CP] Embed Pods Frameworks";
			outputFileListPaths = (
				"${PODS_ROOT}/Target Support Files/Pods-Nodes MoviesTests/Pods-Nodes MoviesTests-frameworks-${CONFIGURATION}-output-files.xcfilelist",
			);
			runOnlyForDeploymentPostprocessing = 0;
			shellPath = /bin/sh;
			shellScript = "\"${PODS_ROOT}/Target Support Files/Pods-Nodes MoviesTests/Pods-Nodes MoviesTests-frameworks.sh\"\n";
			showEnvVarsInLog = 0;
		};
/* End PBXShellScriptBuildPhase section */

/* Begin PBXSourcesBuildPhase section */
		F433BCD823DE0516003B1DD3 /* Sources */ = {
			isa = PBXSourcesBuildPhase;
			buildActionMask = 2147483647;
			files = (
				F433BD4923DE2D75003B1DD3 /* NetworkEngine.swift in Sources */,
				F433BD2F23DE0A69003B1DD3 /* ModelService.swift in Sources */,
				F433BD3C23DE166E003B1DD3 /* ModelServiceSearch.swift in Sources */,
				F433BD5123DE30B4003B1DD3 /* DetailDataLoader.swift in Sources */,
				F433BD3723DE0F97003B1DD3 /* ModelServiceMovieResult.swift in Sources */,
				F433BD3523DE0F2D003B1DD3 /* ModelServiceMovie.swift in Sources */,
				F433BD1D23DE06D7003B1DD3 /* SceneDelegate.swift in Sources */,
				F433BD2123DE0A35003B1DD3 /* Error.swift in Sources */,
				F433BD1C23DE06D7003B1DD3 /* AppDelegate.swift in Sources */,
				F433BD4F23DE2F1B003B1DD3 /* SearchDataLoader.swift in Sources */,
				F433BD4B23DE2E66003B1DD3 /* DataLoader.swift in Sources */,
				F433BD3923DE12EC003B1DD3 /* ModelServiceMovieDetail.swift in Sources */,
				F433BD3023DE0A69003B1DD3 /* ModelServiceCommon.swift in Sources */,
				F433BD2C23DE0A69003B1DD3 /* Model.swift in Sources */,
			);
			runOnlyForDeploymentPostprocessing = 0;
		};
		F433BCEE23DE0517003B1DD3 /* Sources */ = {
			isa = PBXSourcesBuildPhase;
			buildActionMask = 2147483647;
			files = (
				F433BD5423DE316A003B1DD3 /* NetworkEngineMock.swift in Sources */,
				F433BCF723DE0517003B1DD3 /* Nodes_MoviesTests.swift in Sources */,
				F433BD5623DE3198003B1DD3 /* DataLoaderMock.swift in Sources */,
				F433BD5923DE31EC003B1DD3 /* DataLoaderTest.swift in Sources */,
				F433BD4023DE1EBA003B1DD3 /* ModelSearchTest.swift in Sources */,
			);
			runOnlyForDeploymentPostprocessing = 0;
		};
		F433BCF923DE0517003B1DD3 /* Sources */ = {
			isa = PBXSourcesBuildPhase;
			buildActionMask = 2147483647;
			files = (
				F433BD0223DE0517003B1DD3 /* Nodes_MoviesUITests.swift in Sources */,
			);
			runOnlyForDeploymentPostprocessing = 0;
		};
/* End PBXSourcesBuildPhase section */

/* Begin PBXTargetDependency section */
		F433BCF423DE0517003B1DD3 /* PBXTargetDependency */ = {
			isa = PBXTargetDependency;
			target = F433BCDB23DE0516003B1DD3 /* Nodes Movies */;
			targetProxy = F433BCF323DE0517003B1DD3 /* PBXContainerItemProxy */;
		};
		F433BCFF23DE0517003B1DD3 /* PBXTargetDependency */ = {
			isa = PBXTargetDependency;
			target = F433BCDB23DE0516003B1DD3 /* Nodes Movies */;
			targetProxy = F433BCFE23DE0517003B1DD3 /* PBXContainerItemProxy */;
		};
/* End PBXTargetDependency section */

/* Begin PBXVariantGroup section */
		F433BD1123DE06D7003B1DD3 /* LaunchScreen.storyboard */ = {
			isa = PBXVariantGroup;
			children = (
				F433BD1223DE06D7003B1DD3 /* Base */,
			);
			name = LaunchScreen.storyboard;
			sourceTree = "<group>";
		};
/* End PBXVariantGroup section */

/* Begin XCBuildConfiguration section */
		F433BD0423DE0517003B1DD3 /* Debug */ = {
			isa = XCBuildConfiguration;
			buildSettings = {
				ALWAYS_SEARCH_USER_PATHS = NO;
				CLANG_ANALYZER_NONNULL = YES;
				CLANG_ANALYZER_NUMBER_OBJECT_CONVERSION = YES_AGGRESSIVE;
				CLANG_CXX_LANGUAGE_STANDARD = "gnu++14";
				CLANG_CXX_LIBRARY = "libc++";
				CLANG_ENABLE_MODULES = YES;
				CLANG_ENABLE_OBJC_ARC = YES;
				CLANG_ENABLE_OBJC_WEAK = YES;
				CLANG_WARN_BLOCK_CAPTURE_AUTORELEASING = YES;
				CLANG_WARN_BOOL_CONVERSION = YES;
				CLANG_WARN_COMMA = YES;
				CLANG_WARN_CONSTANT_CONVERSION = YES;
				CLANG_WARN_DEPRECATED_OBJC_IMPLEMENTATIONS = YES;
				CLANG_WARN_DIRECT_OBJC_ISA_USAGE = YES_ERROR;
				CLANG_WARN_DOCUMENTATION_COMMENTS = YES;
				CLANG_WARN_EMPTY_BODY = YES;
				CLANG_WARN_ENUM_CONVERSION = YES;
				CLANG_WARN_INFINITE_RECURSION = YES;
				CLANG_WARN_INT_CONVERSION = YES;
				CLANG_WARN_NON_LITERAL_NULL_CONVERSION = YES;
				CLANG_WARN_OBJC_IMPLICIT_RETAIN_SELF = YES;
				CLANG_WARN_OBJC_LITERAL_CONVERSION = YES;
				CLANG_WARN_OBJC_ROOT_CLASS = YES_ERROR;
				CLANG_WARN_RANGE_LOOP_ANALYSIS = YES;
				CLANG_WARN_STRICT_PROTOTYPES = YES;
				CLANG_WARN_SUSPICIOUS_MOVE = YES;
				CLANG_WARN_UNGUARDED_AVAILABILITY = YES_AGGRESSIVE;
				CLANG_WARN_UNREACHABLE_CODE = YES;
				CLANG_WARN__DUPLICATE_METHOD_MATCH = YES;
				COPY_PHASE_STRIP = NO;
				DEBUG_INFORMATION_FORMAT = dwarf;
				ENABLE_STRICT_OBJC_MSGSEND = YES;
				ENABLE_TESTABILITY = YES;
				GCC_C_LANGUAGE_STANDARD = gnu11;
				GCC_DYNAMIC_NO_PIC = NO;
				GCC_NO_COMMON_BLOCKS = YES;
				GCC_OPTIMIZATION_LEVEL = 0;
				GCC_PREPROCESSOR_DEFINITIONS = (
					"DEBUG=1",
					"$(inherited)",
				);
				GCC_WARN_64_TO_32_BIT_CONVERSION = YES;
				GCC_WARN_ABOUT_RETURN_TYPE = YES_ERROR;
				GCC_WARN_UNDECLARED_SELECTOR = YES;
				GCC_WARN_UNINITIALIZED_AUTOS = YES_AGGRESSIVE;
				GCC_WARN_UNUSED_FUNCTION = YES;
				GCC_WARN_UNUSED_VARIABLE = YES;
				IPHONEOS_DEPLOYMENT_TARGET = 13.2;
				MTL_ENABLE_DEBUG_INFO = INCLUDE_SOURCE;
				MTL_FAST_MATH = YES;
				ONLY_ACTIVE_ARCH = YES;
				SDKROOT = iphoneos;
				SWIFT_ACTIVE_COMPILATION_CONDITIONS = DEBUG;
				SWIFT_OPTIMIZATION_LEVEL = "-Onone";
			};
			name = Debug;
		};
		F433BD0523DE0517003B1DD3 /* Release */ = {
			isa = XCBuildConfiguration;
			buildSettings = {
				ALWAYS_SEARCH_USER_PATHS = NO;
				CLANG_ANALYZER_NONNULL = YES;
				CLANG_ANALYZER_NUMBER_OBJECT_CONVERSION = YES_AGGRESSIVE;
				CLANG_CXX_LANGUAGE_STANDARD = "gnu++14";
				CLANG_CXX_LIBRARY = "libc++";
				CLANG_ENABLE_MODULES = YES;
				CLANG_ENABLE_OBJC_ARC = YES;
				CLANG_ENABLE_OBJC_WEAK = YES;
				CLANG_WARN_BLOCK_CAPTURE_AUTORELEASING = YES;
				CLANG_WARN_BOOL_CONVERSION = YES;
				CLANG_WARN_COMMA = YES;
				CLANG_WARN_CONSTANT_CONVERSION = YES;
				CLANG_WARN_DEPRECATED_OBJC_IMPLEMENTATIONS = YES;
				CLANG_WARN_DIRECT_OBJC_ISA_USAGE = YES_ERROR;
				CLANG_WARN_DOCUMENTATION_COMMENTS = YES;
				CLANG_WARN_EMPTY_BODY = YES;
				CLANG_WARN_ENUM_CONVERSION = YES;
				CLANG_WARN_INFINITE_RECURSION = YES;
				CLANG_WARN_INT_CONVERSION = YES;
				CLANG_WARN_NON_LITERAL_NULL_CONVERSION = YES;
				CLANG_WARN_OBJC_IMPLICIT_RETAIN_SELF = YES;
				CLANG_WARN_OBJC_LITERAL_CONVERSION = YES;
				CLANG_WARN_OBJC_ROOT_CLASS = YES_ERROR;
				CLANG_WARN_RANGE_LOOP_ANALYSIS = YES;
				CLANG_WARN_STRICT_PROTOTYPES = YES;
				CLANG_WARN_SUSPICIOUS_MOVE = YES;
				CLANG_WARN_UNGUARDED_AVAILABILITY = YES_AGGRESSIVE;
				CLANG_WARN_UNREACHABLE_CODE = YES;
				CLANG_WARN__DUPLICATE_METHOD_MATCH = YES;
				COPY_PHASE_STRIP = NO;
				DEBUG_INFORMATION_FORMAT = "dwarf-with-dsym";
				ENABLE_NS_ASSERTIONS = NO;
				ENABLE_STRICT_OBJC_MSGSEND = YES;
				GCC_C_LANGUAGE_STANDARD = gnu11;
				GCC_NO_COMMON_BLOCKS = YES;
				GCC_WARN_64_TO_32_BIT_CONVERSION = YES;
				GCC_WARN_ABOUT_RETURN_TYPE = YES_ERROR;
				GCC_WARN_UNDECLARED_SELECTOR = YES;
				GCC_WARN_UNINITIALIZED_AUTOS = YES_AGGRESSIVE;
				GCC_WARN_UNUSED_FUNCTION = YES;
				GCC_WARN_UNUSED_VARIABLE = YES;
				IPHONEOS_DEPLOYMENT_TARGET = 13.2;
				MTL_ENABLE_DEBUG_INFO = NO;
				MTL_FAST_MATH = YES;
				SDKROOT = iphoneos;
				SWIFT_COMPILATION_MODE = wholemodule;
				SWIFT_OPTIMIZATION_LEVEL = "-O";
				VALIDATE_PRODUCT = YES;
			};
			name = Release;
		};
		F433BD0723DE0517003B1DD3 /* Debug */ = {
			isa = XCBuildConfiguration;
			baseConfigurationReference = B0A150E612C89CF21C1C03D0 /* Pods-Nodes Movies.debug.xcconfig */;
			buildSettings = {
				ASSETCATALOG_COMPILER_APPICON_NAME = AppIcon;
				CODE_SIGN_STYLE = Automatic;
				INFOPLIST_FILE = "$(PROJECT_NAME)/Supporting files/Info.plist";
				LD_RUNPATH_SEARCH_PATHS = (
					"$(inherited)",
					"@executable_path/Frameworks",
				);
				PRODUCT_BUNDLE_IDENTIFIER = "com.milanhorvatovic.Nodes-Movies";
				PRODUCT_NAME = "$(TARGET_NAME)";
				SWIFT_VERSION = 5.0;
				TARGETED_DEVICE_FAMILY = "1,2";
			};
			name = Debug;
		};
		F433BD0823DE0517003B1DD3 /* Release */ = {
			isa = XCBuildConfiguration;
			baseConfigurationReference = 54B765400FC989B67A4732F0 /* Pods-Nodes Movies.release.xcconfig */;
			buildSettings = {
				ASSETCATALOG_COMPILER_APPICON_NAME = AppIcon;
				CODE_SIGN_STYLE = Automatic;
				INFOPLIST_FILE = "$(PROJECT_NAME)/Supporting files/Info.plist";
				LD_RUNPATH_SEARCH_PATHS = (
					"$(inherited)",
					"@executable_path/Frameworks",
				);
				PRODUCT_BUNDLE_IDENTIFIER = "com.milanhorvatovic.Nodes-Movies";
				PRODUCT_NAME = "$(TARGET_NAME)";
				SWIFT_VERSION = 5.0;
				TARGETED_DEVICE_FAMILY = "1,2";
			};
			name = Release;
		};
		F433BD0A23DE0517003B1DD3 /* Debug */ = {
			isa = XCBuildConfiguration;
			baseConfigurationReference = 37AC39DD0AA053B351185E15 /* Pods-Nodes MoviesTests.debug.xcconfig */;
			buildSettings = {
				ALWAYS_EMBED_SWIFT_STANDARD_LIBRARIES = YES;
				BUNDLE_LOADER = "$(TEST_HOST)";
				CODE_SIGN_STYLE = Automatic;
				INFOPLIST_FILE = "Nodes MoviesTests/Info.plist";
				IPHONEOS_DEPLOYMENT_TARGET = 13.2;
				LD_RUNPATH_SEARCH_PATHS = (
					"$(inherited)",
					"@executable_path/Frameworks",
					"@loader_path/Frameworks",
				);
				PRODUCT_BUNDLE_IDENTIFIER = "com.milanhorvatovic.Nodes-Movies.Nodes-MoviesTests";
				PRODUCT_NAME = "$(TARGET_NAME)";
				SWIFT_VERSION = 5.0;
				TARGETED_DEVICE_FAMILY = "1,2";
				TEST_HOST = "$(BUILT_PRODUCTS_DIR)/Nodes Movies.app/Nodes Movies";
			};
			name = Debug;
		};
		F433BD0B23DE0517003B1DD3 /* Release */ = {
			isa = XCBuildConfiguration;
			baseConfigurationReference = 09D9E51131AD0A39E0537F3B /* Pods-Nodes MoviesTests.release.xcconfig */;
			buildSettings = {
				ALWAYS_EMBED_SWIFT_STANDARD_LIBRARIES = YES;
				BUNDLE_LOADER = "$(TEST_HOST)";
				CODE_SIGN_STYLE = Automatic;
				INFOPLIST_FILE = "Nodes MoviesTests/Info.plist";
				IPHONEOS_DEPLOYMENT_TARGET = 13.2;
				LD_RUNPATH_SEARCH_PATHS = (
					"$(inherited)",
					"@executable_path/Frameworks",
					"@loader_path/Frameworks",
				);
				PRODUCT_BUNDLE_IDENTIFIER = "com.milanhorvatovic.Nodes-Movies.Nodes-MoviesTests";
				PRODUCT_NAME = "$(TARGET_NAME)";
				SWIFT_VERSION = 5.0;
				TARGETED_DEVICE_FAMILY = "1,2";
				TEST_HOST = "$(BUILT_PRODUCTS_DIR)/Nodes Movies.app/Nodes Movies";
			};
			name = Release;
		};
		F433BD0D23DE0517003B1DD3 /* Debug */ = {
			isa = XCBuildConfiguration;
			buildSettings = {
				ALWAYS_EMBED_SWIFT_STANDARD_LIBRARIES = YES;
				CODE_SIGN_STYLE = Automatic;
				INFOPLIST_FILE = "Nodes MoviesUITests/Info.plist";
				LD_RUNPATH_SEARCH_PATHS = (
					"$(inherited)",
					"@executable_path/Frameworks",
					"@loader_path/Frameworks",
				);
				PRODUCT_BUNDLE_IDENTIFIER = "com.milanhorvatovic.Nodes-Movies.Nodes-MoviesUITests";
				PRODUCT_NAME = "$(TARGET_NAME)";
				SWIFT_VERSION = 5.0;
				TARGETED_DEVICE_FAMILY = "1,2";
				TEST_TARGET_NAME = "Nodes Movies";
			};
			name = Debug;
		};
		F433BD0E23DE0517003B1DD3 /* Release */ = {
			isa = XCBuildConfiguration;
			buildSettings = {
				ALWAYS_EMBED_SWIFT_STANDARD_LIBRARIES = YES;
				CODE_SIGN_STYLE = Automatic;
				INFOPLIST_FILE = "Nodes MoviesUITests/Info.plist";
				LD_RUNPATH_SEARCH_PATHS = (
					"$(inherited)",
					"@executable_path/Frameworks",
					"@loader_path/Frameworks",
				);
				PRODUCT_BUNDLE_IDENTIFIER = "com.milanhorvatovic.Nodes-Movies.Nodes-MoviesUITests";
				PRODUCT_NAME = "$(TARGET_NAME)";
				SWIFT_VERSION = 5.0;
				TARGETED_DEVICE_FAMILY = "1,2";
				TEST_TARGET_NAME = "Nodes Movies";
			};
			name = Release;
		};
/* End XCBuildConfiguration section */

/* Begin XCConfigurationList section */
		F433BCD723DE0516003B1DD3 /* Build configuration list for PBXProject "Nodes Movies" */ = {
			isa = XCConfigurationList;
			buildConfigurations = (
				F433BD0423DE0517003B1DD3 /* Debug */,
				F433BD0523DE0517003B1DD3 /* Release */,
			);
			defaultConfigurationIsVisible = 0;
			defaultConfigurationName = Release;
		};
		F433BD0623DE0517003B1DD3 /* Build configuration list for PBXNativeTarget "Nodes Movies" */ = {
			isa = XCConfigurationList;
			buildConfigurations = (
				F433BD0723DE0517003B1DD3 /* Debug */,
				F433BD0823DE0517003B1DD3 /* Release */,
			);
			defaultConfigurationIsVisible = 0;
			defaultConfigurationName = Release;
		};
		F433BD0923DE0517003B1DD3 /* Build configuration list for PBXNativeTarget "Nodes MoviesTests" */ = {
			isa = XCConfigurationList;
			buildConfigurations = (
				F433BD0A23DE0517003B1DD3 /* Debug */,
				F433BD0B23DE0517003B1DD3 /* Release */,
			);
			defaultConfigurationIsVisible = 0;
			defaultConfigurationName = Release;
		};
		F433BD0C23DE0517003B1DD3 /* Build configuration list for PBXNativeTarget "Nodes MoviesUITests" */ = {
			isa = XCConfigurationList;
			buildConfigurations = (
				F433BD0D23DE0517003B1DD3 /* Debug */,
				F433BD0E23DE0517003B1DD3 /* Release */,
			);
			defaultConfigurationIsVisible = 0;
			defaultConfigurationName = Release;
		};
/* End XCConfigurationList section */
	};
	rootObject = F433BCD423DE0516003B1DD3 /* Project object */;
}
